// !$*UTF8*$!
{
	archiveVersion = 1;
	classes = {
	};
	objectVersion = 50;
	objects = {

/* Begin PBXBuildFile section */
		B932E41A24857A130082E535 /* RangParivartan.framework in Frameworks */ = {isa = PBXBuildFile; fileRef = B932E41024857A130082E535 /* RangParivartan.framework */; };
		B932E41F24857A130082E535 /* RangParivartanTests.swift in Sources */ = {isa = PBXBuildFile; fileRef = B932E41E24857A130082E535 /* RangParivartanTests.swift */; };
		B932E42124857A130082E535 /* RangParivartan.h in Headers */ = {isa = PBXBuildFile; fileRef = B932E41324857A130082E535 /* RangParivartan.h */; settings = {ATTRIBUTES = (Public, ); }; };
		B932E43124857B400082E535 /* AppDelegate.swift in Sources */ = {isa = PBXBuildFile; fileRef = B932E43024857B400082E535 /* AppDelegate.swift */; };
		B932E43324857B400082E535 /* SceneDelegate.swift in Sources */ = {isa = PBXBuildFile; fileRef = B932E43224857B400082E535 /* SceneDelegate.swift */; };
		B932E43524857B400082E535 /* ViewController.swift in Sources */ = {isa = PBXBuildFile; fileRef = B932E43424857B400082E535 /* ViewController.swift */; };
		B932E43824857B400082E535 /* Main.storyboard in Resources */ = {isa = PBXBuildFile; fileRef = B932E43624857B400082E535 /* Main.storyboard */; };
		B932E43A24857B490082E535 /* Assets.xcassets in Resources */ = {isa = PBXBuildFile; fileRef = B932E43924857B490082E535 /* Assets.xcassets */; };
		B932E43D24857B490082E535 /* LaunchScreen.storyboard in Resources */ = {isa = PBXBuildFile; fileRef = B932E43B24857B490082E535 /* LaunchScreen.storyboard */; };
		B932E44824857B4A0082E535 /* RangParivartanExamplesTests.swift in Sources */ = {isa = PBXBuildFile; fileRef = B932E44724857B4A0082E535 /* RangParivartanExamplesTests.swift */; };
/* End PBXBuildFile section */

/* Begin PBXContainerItemProxy section */
		B932E41B24857A130082E535 /* PBXContainerItemProxy */ = {
			isa = PBXContainerItemProxy;
			containerPortal = B932E40724857A130082E535 /* Project object */;
			proxyType = 1;
			remoteGlobalIDString = B932E40F24857A130082E535;
			remoteInfo = RangParivartan;
		};
		B932E44424857B490082E535 /* PBXContainerItemProxy */ = {
			isa = PBXContainerItemProxy;
			containerPortal = B932E40724857A130082E535 /* Project object */;
			proxyType = 1;
			remoteGlobalIDString = B932E42D24857B400082E535;
			remoteInfo = RangParivartanExamples;
		};
/* End PBXContainerItemProxy section */

/* Begin PBXFileReference section */
		B932E41024857A130082E535 /* RangParivartan.framework */ = {isa = PBXFileReference; explicitFileType = wrapper.framework; includeInIndex = 0; path = RangParivartan.framework; sourceTree = BUILT_PRODUCTS_DIR; };
		B932E41324857A130082E535 /* RangParivartan.h */ = {isa = PBXFileReference; lastKnownFileType = sourcecode.c.h; path = RangParivartan.h; sourceTree = "<group>"; };
		B932E41424857A130082E535 /* Info.plist */ = {isa = PBXFileReference; lastKnownFileType = text.plist.xml; path = Info.plist; sourceTree = "<group>"; };
		B932E41924857A130082E535 /* RangParivartanTests.xctest */ = {isa = PBXFileReference; explicitFileType = wrapper.cfbundle; includeInIndex = 0; path = RangParivartanTests.xctest; sourceTree = BUILT_PRODUCTS_DIR; };
		B932E41E24857A130082E535 /* RangParivartanTests.swift */ = {isa = PBXFileReference; lastKnownFileType = sourcecode.swift; path = RangParivartanTests.swift; sourceTree = "<group>"; };
		B932E42024857A130082E535 /* Info.plist */ = {isa = PBXFileReference; lastKnownFileType = text.plist.xml; path = Info.plist; sourceTree = "<group>"; };
		B932E42E24857B400082E535 /* RangParivartanExamples.app */ = {isa = PBXFileReference; explicitFileType = wrapper.application; includeInIndex = 0; path = RangParivartanExamples.app; sourceTree = BUILT_PRODUCTS_DIR; };
		B932E43024857B400082E535 /* AppDelegate.swift */ = {isa = PBXFileReference; lastKnownFileType = sourcecode.swift; path = AppDelegate.swift; sourceTree = "<group>"; };
		B932E43224857B400082E535 /* SceneDelegate.swift */ = {isa = PBXFileReference; lastKnownFileType = sourcecode.swift; path = SceneDelegate.swift; sourceTree = "<group>"; };
		B932E43424857B400082E535 /* ViewController.swift */ = {isa = PBXFileReference; lastKnownFileType = sourcecode.swift; path = ViewController.swift; sourceTree = "<group>"; };
		B932E43724857B400082E535 /* Base */ = {isa = PBXFileReference; lastKnownFileType = file.storyboard; name = Base; path = Base.lproj/Main.storyboard; sourceTree = "<group>"; };
		B932E43924857B490082E535 /* Assets.xcassets */ = {isa = PBXFileReference; lastKnownFileType = folder.assetcatalog; path = Assets.xcassets; sourceTree = "<group>"; };
		B932E43C24857B490082E535 /* Base */ = {isa = PBXFileReference; lastKnownFileType = file.storyboard; name = Base; path = Base.lproj/LaunchScreen.storyboard; sourceTree = "<group>"; };
		B932E43E24857B490082E535 /* Info.plist */ = {isa = PBXFileReference; lastKnownFileType = text.plist.xml; path = Info.plist; sourceTree = "<group>"; };
		B932E44324857B490082E535 /* RangParivartanExamplesTests.xctest */ = {isa = PBXFileReference; explicitFileType = wrapper.cfbundle; includeInIndex = 0; path = RangParivartanExamplesTests.xctest; sourceTree = BUILT_PRODUCTS_DIR; };
		B932E44724857B4A0082E535 /* RangParivartanExamplesTests.swift */ = {isa = PBXFileReference; lastKnownFileType = sourcecode.swift; path = RangParivartanExamplesTests.swift; sourceTree = "<group>"; };
		B932E44924857B4A0082E535 /* Info.plist */ = {isa = PBXFileReference; lastKnownFileType = text.plist.xml; path = Info.plist; sourceTree = "<group>"; };
/* End PBXFileReference section */

/* Begin PBXFrameworksBuildPhase section */
		B932E40D24857A130082E535 /* Frameworks */ = {
			isa = PBXFrameworksBuildPhase;
			buildActionMask = 2147483647;
			files = (
			);
			runOnlyForDeploymentPostprocessing = 0;
		};
		B932E41624857A130082E535 /* Frameworks */ = {
			isa = PBXFrameworksBuildPhase;
			buildActionMask = 2147483647;
			files = (
				B932E41A24857A130082E535 /* RangParivartan.framework in Frameworks */,
			);
			runOnlyForDeploymentPostprocessing = 0;
		};
		B932E42B24857B400082E535 /* Frameworks */ = {
			isa = PBXFrameworksBuildPhase;
			buildActionMask = 2147483647;
			files = (
			);
			runOnlyForDeploymentPostprocessing = 0;
		};
		B932E44024857B490082E535 /* Frameworks */ = {
			isa = PBXFrameworksBuildPhase;
			buildActionMask = 2147483647;
			files = (
			);
			runOnlyForDeploymentPostprocessing = 0;
		};
/* End PBXFrameworksBuildPhase section */

/* Begin PBXGroup section */
		B932E40624857A130082E535 = {
			isa = PBXGroup;
			children = (
				B932E41224857A130082E535 /* RangParivartan */,
				B932E41D24857A130082E535 /* RangParivartanTests */,
				B932E42F24857B400082E535 /* RangParivartanExamples */,
				B932E44624857B490082E535 /* RangParivartanExamplesTests */,
				B932E41124857A130082E535 /* Products */,
			);
			sourceTree = "<group>";
		};
		B932E41124857A130082E535 /* Products */ = {
			isa = PBXGroup;
			children = (
				B932E41024857A130082E535 /* RangParivartan.framework */,
				B932E41924857A130082E535 /* RangParivartanTests.xctest */,
				B932E42E24857B400082E535 /* RangParivartanExamples.app */,
				B932E44324857B490082E535 /* RangParivartanExamplesTests.xctest */,
			);
			name = Products;
			sourceTree = "<group>";
		};
		B932E41224857A130082E535 /* RangParivartan */ = {
			isa = PBXGroup;
			children = (
				B932E41324857A130082E535 /* RangParivartan.h */,
				B932E41424857A130082E535 /* Info.plist */,
			);
			path = RangParivartan;
			sourceTree = "<group>";
		};
		B932E41D24857A130082E535 /* RangParivartanTests */ = {
			isa = PBXGroup;
			children = (
				B932E41E24857A130082E535 /* RangParivartanTests.swift */,
				B932E42024857A130082E535 /* Info.plist */,
			);
			path = RangParivartanTests;
			sourceTree = "<group>";
		};
		B932E42F24857B400082E535 /* RangParivartanExamples */ = {
			isa = PBXGroup;
			children = (
				B932E43024857B400082E535 /* AppDelegate.swift */,
				B932E43224857B400082E535 /* SceneDelegate.swift */,
				B932E43424857B400082E535 /* ViewController.swift */,
				B932E43624857B400082E535 /* Main.storyboard */,
				B932E43924857B490082E535 /* Assets.xcassets */,
				B932E43B24857B490082E535 /* LaunchScreen.storyboard */,
				B932E43E24857B490082E535 /* Info.plist */,
			);
			path = RangParivartanExamples;
			sourceTree = "<group>";
		};
		B932E44624857B490082E535 /* RangParivartanExamplesTests */ = {
			isa = PBXGroup;
			children = (
				B932E44724857B4A0082E535 /* RangParivartanExamplesTests.swift */,
				B932E44924857B4A0082E535 /* Info.plist */,
			);
			path = RangParivartanExamplesTests;
			sourceTree = "<group>";
		};
/* End PBXGroup section */

/* Begin PBXHeadersBuildPhase section */
		B932E40B24857A130082E535 /* Headers */ = {
			isa = PBXHeadersBuildPhase;
			buildActionMask = 2147483647;
			files = (
				B932E42124857A130082E535 /* RangParivartan.h in Headers */,
			);
			runOnlyForDeploymentPostprocessing = 0;
		};
/* End PBXHeadersBuildPhase section */

/* Begin PBXNativeTarget section */
		B932E40F24857A130082E535 /* RangParivartan */ = {
			isa = PBXNativeTarget;
			buildConfigurationList = B932E42424857A130082E535 /* Build configuration list for PBXNativeTarget "RangParivartan" */;
			buildPhases = (
				B932E40B24857A130082E535 /* Headers */,
				B932E40C24857A130082E535 /* Sources */,
				B932E40D24857A130082E535 /* Frameworks */,
				B932E40E24857A130082E535 /* Resources */,
			);
			buildRules = (
			);
			dependencies = (
			);
			name = RangParivartan;
			productName = RangParivartan;
			productReference = B932E41024857A130082E535 /* RangParivartan.framework */;
			productType = "com.apple.product-type.framework";
		};
		B932E41824857A130082E535 /* RangParivartanTests */ = {
			isa = PBXNativeTarget;
			buildConfigurationList = B932E42724857A130082E535 /* Build configuration list for PBXNativeTarget "RangParivartanTests" */;
			buildPhases = (
				B932E41524857A130082E535 /* Sources */,
				B932E41624857A130082E535 /* Frameworks */,
				B932E41724857A130082E535 /* Resources */,
			);
			buildRules = (
			);
			dependencies = (
				B932E41C24857A130082E535 /* PBXTargetDependency */,
			);
			name = RangParivartanTests;
			productName = RangParivartanTests;
			productReference = B932E41924857A130082E535 /* RangParivartanTests.xctest */;
			productType = "com.apple.product-type.bundle.unit-test";
		};
		B932E42D24857B400082E535 /* RangParivartanExamples */ = {
			isa = PBXNativeTarget;
			buildConfigurationList = B932E44A24857B4A0082E535 /* Build configuration list for PBXNativeTarget "RangParivartanExamples" */;
			buildPhases = (
				B932E42A24857B400082E535 /* Sources */,
				B932E42B24857B400082E535 /* Frameworks */,
				B932E42C24857B400082E535 /* Resources */,
			);
			buildRules = (
			);
			dependencies = (
			);
			name = RangParivartanExamples;
			productName = RangParivartanExamples;
			productReference = B932E42E24857B400082E535 /* RangParivartanExamples.app */;
			productType = "com.apple.product-type.application";
		};
		B932E44224857B490082E535 /* RangParivartanExamplesTests */ = {
			isa = PBXNativeTarget;
			buildConfigurationList = B932E44D24857B4A0082E535 /* Build configuration list for PBXNativeTarget "RangParivartanExamplesTests" */;
			buildPhases = (
				B932E43F24857B490082E535 /* Sources */,
				B932E44024857B490082E535 /* Frameworks */,
				B932E44124857B490082E535 /* Resources */,
			);
			buildRules = (
			);
			dependencies = (
				B932E44524857B490082E535 /* PBXTargetDependency */,
			);
			name = RangParivartanExamplesTests;
			productName = RangParivartanExamplesTests;
			productReference = B932E44324857B490082E535 /* RangParivartanExamplesTests.xctest */;
			productType = "com.apple.product-type.bundle.unit-test";
		};
/* End PBXNativeTarget section */

/* Begin PBXProject section */
		B932E40724857A130082E535 /* Project object */ = {
			isa = PBXProject;
			attributes = {
				LastSwiftUpdateCheck = 1140;
				LastUpgradeCheck = 1140;
				ORGANIZATIONNAME = Self;
				TargetAttributes = {
					B932E40F24857A130082E535 = {
						CreatedOnToolsVersion = 11.4.1;
					};
					B932E41824857A130082E535 = {
						CreatedOnToolsVersion = 11.4.1;
					};
					B932E42D24857B400082E535 = {
						CreatedOnToolsVersion = 11.4.1;
					};
					B932E44224857B490082E535 = {
						CreatedOnToolsVersion = 11.4.1;
						TestTargetID = B932E42D24857B400082E535;
					};
				};
			};
			buildConfigurationList = B932E40A24857A130082E535 /* Build configuration list for PBXProject "RangParivartan" */;
			compatibilityVersion = "Xcode 9.3";
			developmentRegion = en;
			hasScannedForEncodings = 0;
			knownRegions = (
				en,
				Base,
			);
			mainGroup = B932E40624857A130082E535;
			productRefGroup = B932E41124857A130082E535 /* Products */;
			projectDirPath = "";
			projectRoot = "";
			targets = (
				B932E40F24857A130082E535 /* RangParivartan */,
				B932E41824857A130082E535 /* RangParivartanTests */,
				B932E42D24857B400082E535 /* RangParivartanExamples */,
				B932E44224857B490082E535 /* RangParivartanExamplesTests */,
			);
		};
/* End PBXProject section */

/* Begin PBXResourcesBuildPhase section */
		B932E40E24857A130082E535 /* Resources */ = {
			isa = PBXResourcesBuildPhase;
			buildActionMask = 2147483647;
			files = (
			);
			runOnlyForDeploymentPostprocessing = 0;
		};
		B932E41724857A130082E535 /* Resources */ = {
			isa = PBXResourcesBuildPhase;
			buildActionMask = 2147483647;
			files = (
			);
			runOnlyForDeploymentPostprocessing = 0;
		};
		B932E42C24857B400082E535 /* Resources */ = {
			isa = PBXResourcesBuildPhase;
			buildActionMask = 2147483647;
			files = (
				B932E43D24857B490082E535 /* LaunchScreen.storyboard in Resources */,
				B932E43A24857B490082E535 /* Assets.xcassets in Resources */,
				B932E43824857B400082E535 /* Main.storyboard in Resources */,
			);
			runOnlyForDeploymentPostprocessing = 0;
		};
		B932E44124857B490082E535 /* Resources */ = {
			isa = PBXResourcesBuildPhase;
			buildActionMask = 2147483647;
			files = (
			);
			runOnlyForDeploymentPostprocessing = 0;
		};
/* End PBXResourcesBuildPhase section */

/* Begin PBXSourcesBuildPhase section */
		B932E40C24857A130082E535 /* Sources */ = {
			isa = PBXSourcesBuildPhase;
			buildActionMask = 2147483647;
			files = (
			);
			runOnlyForDeploymentPostprocessing = 0;
		};
		B932E41524857A130082E535 /* Sources */ = {
			isa = PBXSourcesBuildPhase;
			buildActionMask = 2147483647;
			files = (
				B932E41F24857A130082E535 /* RangParivartanTests.swift in Sources */,
			);
			runOnlyForDeploymentPostprocessing = 0;
		};
		B932E42A24857B400082E535 /* Sources */ = {
			isa = PBXSourcesBuildPhase;
			buildActionMask = 2147483647;
			files = (
				B932E43524857B400082E535 /* ViewController.swift in Sources */,
				B932E43124857B400082E535 /* AppDelegate.swift in Sources */,
				B932E43324857B400082E535 /* SceneDelegate.swift in Sources */,
			);
			runOnlyForDeploymentPostprocessing = 0;
		};
		B932E43F24857B490082E535 /* Sources */ = {
			isa = PBXSourcesBuildPhase;
			buildActionMask = 2147483647;
			files = (
				B932E44824857B4A0082E535 /* RangParivartanExamplesTests.swift in Sources */,
			);
			runOnlyForDeploymentPostprocessing = 0;
		};
/* End PBXSourcesBuildPhase section */

/* Begin PBXTargetDependency section */
		B932E41C24857A130082E535 /* PBXTargetDependency */ = {
			isa = PBXTargetDependency;
			target = B932E40F24857A130082E535 /* RangParivartan */;
			targetProxy = B932E41B24857A130082E535 /* PBXContainerItemProxy */;
		};
		B932E44524857B490082E535 /* PBXTargetDependency */ = {
			isa = PBXTargetDependency;
			target = B932E42D24857B400082E535 /* RangParivartanExamples */;
			targetProxy = B932E44424857B490082E535 /* PBXContainerItemProxy */;
		};
/* End PBXTargetDependency section */

/* Begin PBXVariantGroup section */
		B932E43624857B400082E535 /* Main.storyboard */ = {
			isa = PBXVariantGroup;
			children = (
				B932E43724857B400082E535 /* Base */,
			);
			name = Main.storyboard;
			sourceTree = "<group>";
		};
		B932E43B24857B490082E535 /* LaunchScreen.storyboard */ = {
			isa = PBXVariantGroup;
			children = (
				B932E43C24857B490082E535 /* Base */,
			);
			name = LaunchScreen.storyboard;
			sourceTree = "<group>";
		};
/* End PBXVariantGroup section */

/* Begin XCBuildConfiguration section */
		B932E42224857A130082E535 /* Debug */ = {
			isa = XCBuildConfiguration;
			buildSettings = {
				ALWAYS_SEARCH_USER_PATHS = NO;
				CLANG_ANALYZER_NONNULL = YES;
				CLANG_ANALYZER_NUMBER_OBJECT_CONVERSION = YES_AGGRESSIVE;
				CLANG_CXX_LANGUAGE_STANDARD = "gnu++14";
				CLANG_CXX_LIBRARY = "libc++";
				CLANG_ENABLE_MODULES = YES;
				CLANG_ENABLE_OBJC_ARC = YES;
				CLANG_ENABLE_OBJC_WEAK = YES;
				CLANG_WARN_BLOCK_CAPTURE_AUTORELEASING = YES;
				CLANG_WARN_BOOL_CONVERSION = YES;
				CLANG_WARN_COMMA = YES;
				CLANG_WARN_CONSTANT_CONVERSION = YES;
				CLANG_WARN_DEPRECATED_OBJC_IMPLEMENTATIONS = YES;
				CLANG_WARN_DIRECT_OBJC_ISA_USAGE = YES_ERROR;
				CLANG_WARN_DOCUMENTATION_COMMENTS = YES;
				CLANG_WARN_EMPTY_BODY = YES;
				CLANG_WARN_ENUM_CONVERSION = YES;
				CLANG_WARN_INFINITE_RECURSION = YES;
				CLANG_WARN_INT_CONVERSION = YES;
				CLANG_WARN_NON_LITERAL_NULL_CONVERSION = YES;
				CLANG_WARN_OBJC_IMPLICIT_RETAIN_SELF = YES;
				CLANG_WARN_OBJC_LITERAL_CONVERSION = YES;
				CLANG_WARN_OBJC_ROOT_CLASS = YES_ERROR;
				CLANG_WARN_RANGE_LOOP_ANALYSIS = YES;
				CLANG_WARN_STRICT_PROTOTYPES = YES;
				CLANG_WARN_SUSPICIOUS_MOVE = YES;
				CLANG_WARN_UNGUARDED_AVAILABILITY = YES_AGGRESSIVE;
				CLANG_WARN_UNREACHABLE_CODE = YES;
				CLANG_WARN__DUPLICATE_METHOD_MATCH = YES;
				COPY_PHASE_STRIP = NO;
				CURRENT_PROJECT_VERSION = 1;
				DEBUG_INFORMATION_FORMAT = dwarf;
				ENABLE_STRICT_OBJC_MSGSEND = YES;
				ENABLE_TESTABILITY = YES;
				GCC_C_LANGUAGE_STANDARD = gnu11;
				GCC_DYNAMIC_NO_PIC = NO;
				GCC_NO_COMMON_BLOCKS = YES;
				GCC_OPTIMIZATION_LEVEL = 0;
				GCC_PREPROCESSOR_DEFINITIONS = (
					"DEBUG=1",
					"$(inherited)",
				);
				GCC_WARN_64_TO_32_BIT_CONVERSION = YES;
				GCC_WARN_ABOUT_RETURN_TYPE = YES_ERROR;
				GCC_WARN_UNDECLARED_SELECTOR = YES;
				GCC_WARN_UNINITIALIZED_AUTOS = YES_AGGRESSIVE;
				GCC_WARN_UNUSED_FUNCTION = YES;
				GCC_WARN_UNUSED_VARIABLE = YES;
				IPHONEOS_DEPLOYMENT_TARGET = 13.4;
				MTL_ENABLE_DEBUG_INFO = INCLUDE_SOURCE;
				MTL_FAST_MATH = YES;
				ONLY_ACTIVE_ARCH = YES;
				SDKROOT = iphoneos;
				SWIFT_ACTIVE_COMPILATION_CONDITIONS = DEBUG;
				SWIFT_OPTIMIZATION_LEVEL = "-Onone";
				VERSIONING_SYSTEM = "apple-generic";
				VERSION_INFO_PREFIX = "";
			};
			name = Debug;
		};
		B932E42324857A130082E535 /* Release */ = {
			isa = XCBuildConfiguration;
			buildSettings = {
				ALWAYS_SEARCH_USER_PATHS = NO;
				CLANG_ANALYZER_NONNULL = YES;
				CLANG_ANALYZER_NUMBER_OBJECT_CONVERSION = YES_AGGRESSIVE;
				CLANG_CXX_LANGUAGE_STANDARD = "gnu++14";
				CLANG_CXX_LIBRARY = "libc++";
				CLANG_ENABLE_MODULES = YES;
				CLANG_ENABLE_OBJC_ARC = YES;
				CLANG_ENABLE_OBJC_WEAK = YES;
				CLANG_WARN_BLOCK_CAPTURE_AUTORELEASING = YES;
				CLANG_WARN_BOOL_CONVERSION = YES;
				CLANG_WARN_COMMA = YES;
				CLANG_WARN_CONSTANT_CONVERSION = YES;
				CLANG_WARN_DEPRECATED_OBJC_IMPLEMENTATIONS = YES;
				CLANG_WARN_DIRECT_OBJC_ISA_USAGE = YES_ERROR;
				CLANG_WARN_DOCUMENTATION_COMMENTS = YES;
				CLANG_WARN_EMPTY_BODY = YES;
				CLANG_WARN_ENUM_CONVERSION = YES;
				CLANG_WARN_INFINITE_RECURSION = YES;
				CLANG_WARN_INT_CONVERSION = YES;
				CLANG_WARN_NON_LITERAL_NULL_CONVERSION = YES;
				CLANG_WARN_OBJC_IMPLICIT_RETAIN_SELF = YES;
				CLANG_WARN_OBJC_LITERAL_CONVERSION = YES;
				CLANG_WARN_OBJC_ROOT_CLASS = YES_ERROR;
				CLANG_WARN_RANGE_LOOP_ANALYSIS = YES;
				CLANG_WARN_STRICT_PROTOTYPES = YES;
				CLANG_WARN_SUSPICIOUS_MOVE = YES;
				CLANG_WARN_UNGUARDED_AVAILABILITY = YES_AGGRESSIVE;
				CLANG_WARN_UNREACHABLE_CODE = YES;
				CLANG_WARN__DUPLICATE_METHOD_MATCH = YES;
				COPY_PHASE_STRIP = NO;
				CURRENT_PROJECT_VERSION = 1;
				DEBUG_INFORMATION_FORMAT = "dwarf-with-dsym";
				ENABLE_NS_ASSERTIONS = NO;
				ENABLE_STRICT_OBJC_MSGSEND = YES;
				GCC_C_LANGUAGE_STANDARD = gnu11;
				GCC_NO_COMMON_BLOCKS = YES;
				GCC_WARN_64_TO_32_BIT_CONVERSION = YES;
				GCC_WARN_ABOUT_RETURN_TYPE = YES_ERROR;
				GCC_WARN_UNDECLARED_SELECTOR = YES;
				GCC_WARN_UNINITIALIZED_AUTOS = YES_AGGRESSIVE;
				GCC_WARN_UNUSED_FUNCTION = YES;
				GCC_WARN_UNUSED_VARIABLE = YES;
				IPHONEOS_DEPLOYMENT_TARGET = 13.4;
				MTL_ENABLE_DEBUG_INFO = NO;
				MTL_FAST_MATH = YES;
				SDKROOT = iphoneos;
				SWIFT_COMPILATION_MODE = wholemodule;
				SWIFT_OPTIMIZATION_LEVEL = "-O";
				VALIDATE_PRODUCT = YES;
				VERSIONING_SYSTEM = "apple-generic";
				VERSION_INFO_PREFIX = "";
			};
			name = Release;
		};
		B932E42524857A130082E535 /* Debug */ = {
			isa = XCBuildConfiguration;
			buildSettings = {
				CODE_SIGN_STYLE = Automatic;
				DEFINES_MODULE = YES;
				DEVELOPMENT_TEAM = 24CKMLG3UB;
				DYLIB_COMPATIBILITY_VERSION = 1;
				DYLIB_CURRENT_VERSION = 1;
				DYLIB_INSTALL_NAME_BASE = "@rpath";
				INFOPLIST_FILE = RangParivartan/Info.plist;
				INSTALL_PATH = "$(LOCAL_LIBRARY_DIR)/Frameworks";
				IPHONEOS_DEPLOYMENT_TARGET = 11.0;
				LD_RUNPATH_SEARCH_PATHS = (
					"$(inherited)",
					"@executable_path/Frameworks",
					"@loader_path/Frameworks",
				);
				PRODUCT_BUNDLE_IDENTIFIER = com.self.RangParivartan;
				PRODUCT_NAME = "$(TARGET_NAME:c99extidentifier)";
				SKIP_INSTALL = YES;
				SWIFT_VERSION = 5.0;
				TARGETED_DEVICE_FAMILY = "1,2";
			};
			name = Debug;
		};
		B932E42624857A130082E535 /* Release */ = {
			isa = XCBuildConfiguration;
			buildSettings = {
				CODE_SIGN_STYLE = Automatic;
				DEFINES_MODULE = YES;
				DEVELOPMENT_TEAM = 24CKMLG3UB;
				DYLIB_COMPATIBILITY_VERSION = 1;
				DYLIB_CURRENT_VERSION = 1;
				DYLIB_INSTALL_NAME_BASE = "@rpath";
				INFOPLIST_FILE = RangParivartan/Info.plist;
				INSTALL_PATH = "$(LOCAL_LIBRARY_DIR)/Frameworks";
				IPHONEOS_DEPLOYMENT_TARGET = 11.0;
				LD_RUNPATH_SEARCH_PATHS = (
					"$(inherited)",
					"@executable_path/Frameworks",
					"@loader_path/Frameworks",
				);
				PRODUCT_BUNDLE_IDENTIFIER = com.self.RangParivartan;
				PRODUCT_NAME = "$(TARGET_NAME:c99extidentifier)";
				SKIP_INSTALL = YES;
				SWIFT_VERSION = 5.0;
				TARGETED_DEVICE_FAMILY = "1,2";
			};
			name = Release;
		};
		B932E42824857A130082E535 /* Debug */ = {
			isa = XCBuildConfiguration;
			buildSettings = {
				CODE_SIGN_STYLE = Automatic;
				DEVELOPMENT_TEAM = 24CKMLG3UB;
				INFOPLIST_FILE = RangParivartanTests/Info.plist;
				LD_RUNPATH_SEARCH_PATHS = (
					"$(inherited)",
					"@executable_path/Frameworks",
					"@loader_path/Frameworks",
				);
				PRODUCT_BUNDLE_IDENTIFIER = com.self.RangParivartanTests;
				PRODUCT_NAME = "$(TARGET_NAME)";
				SWIFT_VERSION = 5.0;
				TARGETED_DEVICE_FAMILY = "1,2";
			};
			name = Debug;
		};
		B932E42924857A130082E535 /* Release */ = {
			isa = XCBuildConfiguration;
			buildSettings = {
				CODE_SIGN_STYLE = Automatic;
				DEVELOPMENT_TEAM = 24CKMLG3UB;
				INFOPLIST_FILE = RangParivartanTests/Info.plist;
				LD_RUNPATH_SEARCH_PATHS = (
					"$(inherited)",
					"@executable_path/Frameworks",
					"@loader_path/Frameworks",
				);
				PRODUCT_BUNDLE_IDENTIFIER = com.self.RangParivartanTests;
				PRODUCT_NAME = "$(TARGET_NAME)";
				SWIFT_VERSION = 5.0;
				TARGETED_DEVICE_FAMILY = "1,2";
			};
			name = Release;
		};
		B932E44B24857B4A0082E535 /* Debug */ = {
			isa = XCBuildConfiguration;
			buildSettings = {
				ASSETCATALOG_COMPILER_APPICON_NAME = AppIcon;
				CODE_SIGN_STYLE = Automatic;
				DEVELOPMENT_TEAM = 24CKMLG3UB;
				INFOPLIST_FILE = RangParivartanExamples/Info.plist;
				IPHONEOS_DEPLOYMENT_TARGET = 11.0;
				LD_RUNPATH_SEARCH_PATHS = (
					"$(inherited)",
					"@executable_path/Frameworks",
				);
				PRODUCT_BUNDLE_IDENTIFIER = com.self.RangParivartanExamples;
				PRODUCT_NAME = "$(TARGET_NAME)";
				SWIFT_VERSION = 5.0;
				TARGETED_DEVICE_FAMILY = "1,2";
			};
			name = Debug;
		};
		B932E44C24857B4A0082E535 /* Release */ = {
			isa = XCBuildConfiguration;
			buildSettings = {
				ASSETCATALOG_COMPILER_APPICON_NAME = AppIcon;
				CODE_SIGN_STYLE = Automatic;
				DEVELOPMENT_TEAM = 24CKMLG3UB;
				INFOPLIST_FILE = RangParivartanExamples/Info.plist;
				IPHONEOS_DEPLOYMENT_TARGET = 11.0;
				LD_RUNPATH_SEARCH_PATHS = (
					"$(inherited)",
					"@executable_path/Frameworks",
				);
				PRODUCT_BUNDLE_IDENTIFIER = com.self.RangParivartanExamples;
				PRODUCT_NAME = "$(TARGET_NAME)";
				SWIFT_VERSION = 5.0;
				TARGETED_DEVICE_FAMILY = "1,2";
			};
			name = Release;
		};
		B932E44E24857B4A0082E535 /* Debug */ = {
			isa = XCBuildConfiguration;
			buildSettings = {
				ALWAYS_EMBED_SWIFT_STANDARD_LIBRARIES = YES;
				BUNDLE_LOADER = "$(TEST_HOST)";
				CODE_SIGN_STYLE = Automatic;
				DEVELOPMENT_TEAM = 24CKMLG3UB;
				INFOPLIST_FILE = RangParivartanExamplesTests/Info.plist;
				IPHONEOS_DEPLOYMENT_TARGET = 13.4;
				LD_RUNPATH_SEARCH_PATHS = (
					"$(inherited)",
					"@executable_path/Frameworks",
					"@loader_path/Frameworks",
				);
				PRODUCT_BUNDLE_IDENTIFIER = com.self.RangParivartanExamplesTests;
				PRODUCT_NAME = "$(TARGET_NAME)";
				SWIFT_VERSION = 5.0;
				TARGETED_DEVICE_FAMILY = "1,2";
				TEST_HOST = "$(BUILT_PRODUCTS_DIR)/RangParivartanExamples.app/RangParivartanExamples";
			};
			name = Debug;
		};
		B932E44F24857B4A0082E535 /* Release */ = {
			isa = XCBuildConfiguration;
			buildSettings = {
				ALWAYS_EMBED_SWIFT_STANDARD_LIBRARIES = YES;
				BUNDLE_LOADER = "$(TEST_HOST)";
				CODE_SIGN_STYLE = Automatic;
				DEVELOPMENT_TEAM = 24CKMLG3UB;
				INFOPLIST_FILE = RangParivartanExamplesTests/Info.plist;
				IPHONEOS_DEPLOYMENT_TARGET = 13.4;
				LD_RUNPATH_SEARCH_PATHS = (
					"$(inherited)",
					"@executable_path/Frameworks",
					"@loader_path/Frameworks",
				);
				PRODUCT_BUNDLE_IDENTIFIER = com.self.RangParivartanExamplesTests;
				PRODUCT_NAME = "$(TARGET_NAME)";
				SWIFT_VERSION = 5.0;
				TARGETED_DEVICE_FAMILY = "1,2";
				TEST_HOST = "$(BUILT_PRODUCTS_DIR)/RangParivartanExamples.app/RangParivartanExamples";
			};
			name = Release;
		};
/* End XCBuildConfiguration section */

/* Begin XCConfigurationList section */
		B932E40A24857A130082E535 /* Build configuration list for PBXProject "RangParivartan" */ = {
			isa = XCConfigurationList;
			buildConfigurations = (
				B932E42224857A130082E535 /* Debug */,
				B932E42324857A130082E535 /* Release */,
			);
			defaultConfigurationIsVisible = 0;
			defaultConfigurationName = Release;
		};
		B932E42424857A130082E535 /* Build configuration list for PBXNativeTarget "RangParivartan" */ = {
			isa = XCConfigurationList;
			buildConfigurations = (
				B932E42524857A130082E535 /* Debug */,
				B932E42624857A130082E535 /* Release */,
			);
			defaultConfigurationIsVisible = 0;
			defaultConfigurationName = Release;
		};
		B932E42724857A130082E535 /* Build configuration list for PBXNativeTarget "RangParivartanTests" */ = {
			isa = XCConfigurationList;
			buildConfigurations = (
				B932E42824857A130082E535 /* Debug */,
				B932E42924857A130082E535 /* Release */,
			);
			defaultConfigurationIsVisible = 0;
			defaultConfigurationName = Release;
		};
		B932E44A24857B4A0082E535 /* Build configuration list for PBXNativeTarget "RangParivartanExamples" */ = {
			isa = XCConfigurationList;
			buildConfigurations = (
				B932E44B24857B4A0082E535 /* Debug */,
				B932E44C24857B4A0082E535 /* Release */,
			);
			defaultConfigurationIsVisible = 0;
			defaultConfigurationName = Release;
		};
		B932E44D24857B4A0082E535 /* Build configuration list for PBXNativeTarget "RangParivartanExamplesTests" */ = {
			isa = XCConfigurationList;
			buildConfigurations = (
				B932E44E24857B4A0082E535 /* Debug */,
				B932E44F24857B4A0082E535 /* Release */,
			);
			defaultConfigurationIsVisible = 0;
			defaultConfigurationName = Release;
		};
/* End XCConfigurationList section */
	};
	rootObject = B932E40724857A130082E535 /* Project object */;
}
